
Microsoft Visual Studio Solution File, Format Version 12.00
# Visual Studio 15
VisualStudioVersion = 15.0.26124.0
MinimumVisualStudioVersion = 15.0.26124.0
Project("{FAE04EC0-301F-11D3-BF4B-00C04F79EFBC}") = "TestCommon", "..\TestCommon\TestCommon.csproj", "{0339B43A-7DC2-458D-BA34-4D819C0A6456}"
EndProject
Project("{FAE04EC0-301F-11D3-BF4B-00C04F79EFBC}") = "E1a", "E1a\E1a.csproj", "{465BBF44-6676-4A00-BC74-45A86438369A}"
EndProject
Project("{FAE04EC0-301F-11D3-BF4B-00C04F79EFBC}") = "E1a.Tests", "E1a.Tests\E1a.Tests.csproj", "{67F92E93-92F5-47EB-ADBB-9FD15DCB1FF8}"
EndProject
Global
	GlobalSection(SolutionConfigurationPlatforms) = preSolution
		Debug|Any CPU = Debug|Any CPU
		Debug|x64 = Debug|x64
		Debug|x86 = Debug|x86
		Release|Any CPU = Release|Any CPU
		Release|x64 = Release|x64
		Release|x86 = Release|x86
	EndGlobalSection
	GlobalSection(SolutionProperties) = preSolution
		HideSolutionNode = FALSE
	EndGlobalSection
	GlobalSection(ProjectConfigurationPlatforms) = postSolution
		{0339B43A-7DC2-458D-BA34-4D819C0A6456}.Debug|Any CPU.ActiveCfg = Debug|Any CPU
		{0339B43A-7DC2-458D-BA34-4D819C0A6456}.Debug|Any CPU.Build.0 = Debug|Any CPU
		{0339B43A-7DC2-458D-BA34-4D819C0A6456}.Debug|x64.ActiveCfg = Debug|Any CPU
		{0339B43A-7DC2-458D-BA34-4D819C0A6456}.Debug|x64.Build.0 = Debug|Any CPU
		{0339B43A-7DC2-458D-BA34-4D819C0A6456}.Debug|x86.ActiveCfg = Debug|Any CPU
		{0339B43A-7DC2-458D-BA34-4D819C0A6456}.Debug|x86.Build.0 = Debug|Any CPU
		{0339B43A-7DC2-458D-BA34-4D819C0A6456}.Release|Any CPU.ActiveCfg = Release|Any CPU
		{0339B43A-7DC2-458D-BA34-4D819C0A6456}.Release|Any CPU.Build.0 = Release|Any CPU
		{0339B43A-7DC2-458D-BA34-4D819C0A6456}.Release|x64.ActiveCfg = Release|Any CPU
		{0339B43A-7DC2-458D-BA34-4D819C0A6456}.Release|x64.Build.0 = Release|Any CPU
		{0339B43A-7DC2-458D-BA34-4D819C0A6456}.Release|x86.ActiveCfg = Release|Any CPU
		{0339B43A-7DC2-458D-BA34-4D819C0A6456}.Release|x86.Build.0 = Release|Any CPU
		{465BBF44-6676-4A00-BC74-45A86438369A}.Debug|Any CPU.ActiveCfg = Debug|Any CPU
		{465BBF44-6676-4A00-BC74-45A86438369A}.Debug|Any CPU.Build.0 = Debug|Any CPU
		{465BBF44-6676-4A00-BC74-45A86438369A}.Debug|x64.ActiveCfg = Debug|Any CPU
		{465BBF44-6676-4A00-BC74-45A86438369A}.Debug|x64.Build.0 = Debug|Any CPU
		{465BBF44-6676-4A00-BC74-45A86438369A}.Debug|x86.ActiveCfg = Debug|Any CPU
		{465BBF44-6676-4A00-BC74-45A86438369A}.Debug|x86.Build.0 = Debug|Any CPU
		{465BBF44-6676-4A00-BC74-45A86438369A}.Release|Any CPU.ActiveCfg = Release|Any CPU
		{465BBF44-6676-4A00-BC74-45A86438369A}.Release|Any CPU.Build.0 = Release|Any CPU
		{465BBF44-6676-4A00-BC74-45A86438369A}.Release|x64.ActiveCfg = Release|Any CPU
		{465BBF44-6676-4A00-BC74-45A86438369A}.Release|x64.Build.0 = Release|Any CPU
		{465BBF44-6676-4A00-BC74-45A86438369A}.Release|x86.ActiveCfg = Release|Any CPU
		{465BBF44-6676-4A00-BC74-45A86438369A}.Release|x86.Build.0 = Release|Any CPU
		{67F92E93-92F5-47EB-ADBB-9FD15DCB1FF8}.Debug|Any CPU.ActiveCfg = Debug|Any CPU
		{67F92E93-92F5-47EB-ADBB-9FD15DCB1FF8}.Debug|Any CPU.Build.0 = Debug|Any CPU
		{67F92E93-92F5-47EB-ADBB-9FD15DCB1FF8}.Debug|x64.ActiveCfg = Debug|Any CPU
		{67F92E93-92F5-47EB-ADBB-9FD15DCB1FF8}.Debug|x64.Build.0 = Debug|Any CPU
		{67F92E93-92F5-47EB-ADBB-9FD15DCB1FF8}.Debug|x86.ActiveCfg = Debug|Any CPU
		{67F92E93-92F5-47EB-ADBB-9FD15DCB1FF8}.Debug|x86.Build.0 = Debug|Any CPU
		{67F92E93-92F5-47EB-ADBB-9FD15DCB1FF8}.Release|Any CPU.ActiveCfg = Release|Any CPU
		{67F92E93-92F5-47EB-ADBB-9FD15DCB1FF8}.Release|Any CPU.Build.0 = Release|Any CPU
		{67F92E93-92F5-47EB-ADBB-9FD15DCB1FF8}.Release|x64.ActiveCfg = Release|Any CPU
		{67F92E93-92F5-47EB-ADBB-9FD15DCB1FF8}.Release|x64.Build.0 = Release|Any CPU
		{67F92E93-92F5-47EB-ADBB-9FD15DCB1FF8}.Release|x86.ActiveCfg = Release|Any CPU
		{67F92E93-92F5-47EB-ADBB-9FD15DCB1FF8}.Release|x86.Build.0 = Release|Any CPU
	EndGlobalSection
EndGlobal
