
Microsoft Visual Studio Solution File, Format Version 12.00
# Visual Studio 15
VisualStudioVersion = 15.0.26124.0
MinimumVisualStudioVersion = 15.0.26124.0
Project("{FAE04EC0-301F-11D3-BF4B-00C04F79EFBC}") = "TestCommon", "..\TestCommon\TestCommon.csproj", "{BCAC1455-FDBC-4D9D-91E7-115147ED53E0}"
EndProject
Project("{FAE04EC0-301F-11D3-BF4B-00C04F79EFBC}") = "A1", "A1\A1.csproj", "{E21A0F99-F347-453F-9069-CFAF6D94EB14}"
EndProject
Project("{FAE04EC0-301F-11D3-BF4B-00C04F79EFBC}") = "A1.Tests", "A1.Tests\A1.Tests.csproj", "{A3F80182-DB4B-4942-AFC1-EC33C3C0B9FC}"
EndProject
Global
	GlobalSection(SolutionConfigurationPlatforms) = preSolution
		Debug|Any CPU = Debug|Any CPU
		Debug|x64 = Debug|x64
		Debug|x86 = Debug|x86
		Release|Any CPU = Release|Any CPU
		Release|x64 = Release|x64
		Release|x86 = Release|x86
	EndGlobalSection
	GlobalSection(SolutionProperties) = preSolution
		HideSolutionNode = FALSE
	EndGlobalSection
	GlobalSection(ProjectConfigurationPlatforms) = postSolution
		{BCAC1455-FDBC-4D9D-91E7-115147ED53E0}.Debug|Any CPU.ActiveCfg = Debug|Any CPU
		{BCAC1455-FDBC-4D9D-91E7-115147ED53E0}.Debug|Any CPU.Build.0 = Debug|Any CPU
		{BCAC1455-FDBC-4D9D-91E7-115147ED53E0}.Debug|x64.ActiveCfg = Debug|Any CPU
		{BCAC1455-FDBC-4D9D-91E7-115147ED53E0}.Debug|x64.Build.0 = Debug|Any CPU
		{BCAC1455-FDBC-4D9D-91E7-115147ED53E0}.Debug|x86.ActiveCfg = Debug|Any CPU
		{BCAC1455-FDBC-4D9D-91E7-115147ED53E0}.Debug|x86.Build.0 = Debug|Any CPU
		{BCAC1455-FDBC-4D9D-91E7-115147ED53E0}.Release|Any CPU.ActiveCfg = Release|Any CPU
		{BCAC1455-FDBC-4D9D-91E7-115147ED53E0}.Release|Any CPU.Build.0 = Release|Any CPU
		{BCAC1455-FDBC-4D9D-91E7-115147ED53E0}.Release|x64.ActiveCfg = Release|Any CPU
		{BCAC1455-FDBC-4D9D-91E7-115147ED53E0}.Release|x64.Build.0 = Release|Any CPU
		{BCAC1455-FDBC-4D9D-91E7-115147ED53E0}.Release|x86.ActiveCfg = Release|Any CPU
		{BCAC1455-FDBC-4D9D-91E7-115147ED53E0}.Release|x86.Build.0 = Release|Any CPU
		{E21A0F99-F347-453F-9069-CFAF6D94EB14}.Debug|Any CPU.ActiveCfg = Debug|Any CPU
		{E21A0F99-F347-453F-9069-CFAF6D94EB14}.Debug|Any CPU.Build.0 = Debug|Any CPU
		{E21A0F99-F347-453F-9069-CFAF6D94EB14}.Debug|x64.ActiveCfg = Debug|Any CPU
		{E21A0F99-F347-453F-9069-CFAF6D94EB14}.Debug|x64.Build.0 = Debug|Any CPU
		{E21A0F99-F347-453F-9069-CFAF6D94EB14}.Debug|x86.ActiveCfg = Debug|Any CPU
		{E21A0F99-F347-453F-9069-CFAF6D94EB14}.Debug|x86.Build.0 = Debug|Any CPU
		{E21A0F99-F347-453F-9069-CFAF6D94EB14}.Release|Any CPU.ActiveCfg = Release|Any CPU
		{E21A0F99-F347-453F-9069-CFAF6D94EB14}.Release|Any CPU.Build.0 = Release|Any CPU
		{E21A0F99-F347-453F-9069-CFAF6D94EB14}.Release|x64.ActiveCfg = Release|Any CPU
		{E21A0F99-F347-453F-9069-CFAF6D94EB14}.Release|x64.Build.0 = Release|Any CPU
		{E21A0F99-F347-453F-9069-CFAF6D94EB14}.Release|x86.ActiveCfg = Release|Any CPU
		{E21A0F99-F347-453F-9069-CFAF6D94EB14}.Release|x86.Build.0 = Release|Any CPU
		{A3F80182-DB4B-4942-AFC1-EC33C3C0B9FC}.Debug|Any CPU.ActiveCfg = Debug|Any CPU
		{A3F80182-DB4B-4942-AFC1-EC33C3C0B9FC}.Debug|Any CPU.Build.0 = Debug|Any CPU
		{A3F80182-DB4B-4942-AFC1-EC33C3C0B9FC}.Debug|x64.ActiveCfg = Debug|Any CPU
		{A3F80182-DB4B-4942-AFC1-EC33C3C0B9FC}.Debug|x64.Build.0 = Debug|Any CPU
		{A3F80182-DB4B-4942-AFC1-EC33C3C0B9FC}.Debug|x86.ActiveCfg = Debug|Any CPU
		{A3F80182-DB4B-4942-AFC1-EC33C3C0B9FC}.Debug|x86.Build.0 = Debug|Any CPU
		{A3F80182-DB4B-4942-AFC1-EC33C3C0B9FC}.Release|Any CPU.ActiveCfg = Release|Any CPU
		{A3F80182-DB4B-4942-AFC1-EC33C3C0B9FC}.Release|Any CPU.Build.0 = Release|Any CPU
		{A3F80182-DB4B-4942-AFC1-EC33C3C0B9FC}.Release|x64.ActiveCfg = Release|Any CPU
		{A3F80182-DB4B-4942-AFC1-EC33C3C0B9FC}.Release|x64.Build.0 = Release|Any CPU
		{A3F80182-DB4B-4942-AFC1-EC33C3C0B9FC}.Release|x86.ActiveCfg = Release|Any CPU
		{A3F80182-DB4B-4942-AFC1-EC33C3C0B9FC}.Release|x86.Build.0 = Release|Any CPU
	EndGlobalSection
EndGlobal
