
Microsoft Visual Studio Solution File, Format Version 12.00
# Visual Studio 15
VisualStudioVersion = 15.0.26124.0
MinimumVisualStudioVersion = 15.0.26124.0
Project("{FAE04EC0-301F-11D3-BF4B-00C04F79EFBC}") = "TestCommon", "..\TestCommon\TestCommon.csproj", "{2CAEA11F-4166-42AC-BB7F-FE5D38A692CD}"
EndProject
Project("{FAE04EC0-301F-11D3-BF4B-00C04F79EFBC}") = "A3", "A3\A3.csproj", "{EDCCC577-EE06-43DB-BEF7-1CFC762291EB}"
EndProject
Project("{FAE04EC0-301F-11D3-BF4B-00C04F79EFBC}") = "A3.Tests", "A3.Tests\A3.Tests.csproj", "{B7DDCF33-83AA-4580-90BA-CB6514765617}"
EndProject
Global
	GlobalSection(SolutionConfigurationPlatforms) = preSolution
		Debug|Any CPU = Debug|Any CPU
		Debug|x64 = Debug|x64
		Debug|x86 = Debug|x86
		Release|Any CPU = Release|Any CPU
		Release|x64 = Release|x64
		Release|x86 = Release|x86
	EndGlobalSection
	GlobalSection(SolutionProperties) = preSolution
		HideSolutionNode = FALSE
	EndGlobalSection
	GlobalSection(ProjectConfigurationPlatforms) = postSolution
		{2CAEA11F-4166-42AC-BB7F-FE5D38A692CD}.Debug|Any CPU.ActiveCfg = Debug|Any CPU
		{2CAEA11F-4166-42AC-BB7F-FE5D38A692CD}.Debug|Any CPU.Build.0 = Debug|Any CPU
		{2CAEA11F-4166-42AC-BB7F-FE5D38A692CD}.Debug|x64.ActiveCfg = Debug|Any CPU
		{2CAEA11F-4166-42AC-BB7F-FE5D38A692CD}.Debug|x64.Build.0 = Debug|Any CPU
		{2CAEA11F-4166-42AC-BB7F-FE5D38A692CD}.Debug|x86.ActiveCfg = Debug|Any CPU
		{2CAEA11F-4166-42AC-BB7F-FE5D38A692CD}.Debug|x86.Build.0 = Debug|Any CPU
		{2CAEA11F-4166-42AC-BB7F-FE5D38A692CD}.Release|Any CPU.ActiveCfg = Release|Any CPU
		{2CAEA11F-4166-42AC-BB7F-FE5D38A692CD}.Release|Any CPU.Build.0 = Release|Any CPU
		{2CAEA11F-4166-42AC-BB7F-FE5D38A692CD}.Release|x64.ActiveCfg = Release|Any CPU
		{2CAEA11F-4166-42AC-BB7F-FE5D38A692CD}.Release|x64.Build.0 = Release|Any CPU
		{2CAEA11F-4166-42AC-BB7F-FE5D38A692CD}.Release|x86.ActiveCfg = Release|Any CPU
		{2CAEA11F-4166-42AC-BB7F-FE5D38A692CD}.Release|x86.Build.0 = Release|Any CPU
		{EDCCC577-EE06-43DB-BEF7-1CFC762291EB}.Debug|Any CPU.ActiveCfg = Debug|Any CPU
		{EDCCC577-EE06-43DB-BEF7-1CFC762291EB}.Debug|Any CPU.Build.0 = Debug|Any CPU
		{EDCCC577-EE06-43DB-BEF7-1CFC762291EB}.Debug|x64.ActiveCfg = Debug|Any CPU
		{EDCCC577-EE06-43DB-BEF7-1CFC762291EB}.Debug|x64.Build.0 = Debug|Any CPU
		{EDCCC577-EE06-43DB-BEF7-1CFC762291EB}.Debug|x86.ActiveCfg = Debug|Any CPU
		{EDCCC577-EE06-43DB-BEF7-1CFC762291EB}.Debug|x86.Build.0 = Debug|Any CPU
		{EDCCC577-EE06-43DB-BEF7-1CFC762291EB}.Release|Any CPU.ActiveCfg = Release|Any CPU
		{EDCCC577-EE06-43DB-BEF7-1CFC762291EB}.Release|Any CPU.Build.0 = Release|Any CPU
		{EDCCC577-EE06-43DB-BEF7-1CFC762291EB}.Release|x64.ActiveCfg = Release|Any CPU
		{EDCCC577-EE06-43DB-BEF7-1CFC762291EB}.Release|x64.Build.0 = Release|Any CPU
		{EDCCC577-EE06-43DB-BEF7-1CFC762291EB}.Release|x86.ActiveCfg = Release|Any CPU
		{EDCCC577-EE06-43DB-BEF7-1CFC762291EB}.Release|x86.Build.0 = Release|Any CPU
		{B7DDCF33-83AA-4580-90BA-CB6514765617}.Debug|Any CPU.ActiveCfg = Debug|Any CPU
		{B7DDCF33-83AA-4580-90BA-CB6514765617}.Debug|Any CPU.Build.0 = Debug|Any CPU
		{B7DDCF33-83AA-4580-90BA-CB6514765617}.Debug|x64.ActiveCfg = Debug|Any CPU
		{B7DDCF33-83AA-4580-90BA-CB6514765617}.Debug|x64.Build.0 = Debug|Any CPU
		{B7DDCF33-83AA-4580-90BA-CB6514765617}.Debug|x86.ActiveCfg = Debug|Any CPU
		{B7DDCF33-83AA-4580-90BA-CB6514765617}.Debug|x86.Build.0 = Debug|Any CPU
		{B7DDCF33-83AA-4580-90BA-CB6514765617}.Release|Any CPU.ActiveCfg = Release|Any CPU
		{B7DDCF33-83AA-4580-90BA-CB6514765617}.Release|Any CPU.Build.0 = Release|Any CPU
		{B7DDCF33-83AA-4580-90BA-CB6514765617}.Release|x64.ActiveCfg = Release|Any CPU
		{B7DDCF33-83AA-4580-90BA-CB6514765617}.Release|x64.Build.0 = Release|Any CPU
		{B7DDCF33-83AA-4580-90BA-CB6514765617}.Release|x86.ActiveCfg = Release|Any CPU
		{B7DDCF33-83AA-4580-90BA-CB6514765617}.Release|x86.Build.0 = Release|Any CPU
	EndGlobalSection
EndGlobal
