
Microsoft Visual Studio Solution File, Format Version 12.00
# Visual Studio 15
VisualStudioVersion = 15.0.26124.0
MinimumVisualStudioVersion = 15.0.26124.0
Project("{FAE04EC0-301F-11D3-BF4B-00C04F79EFBC}") = "TestCommon", "..\TestCommon\TestCommon.csproj", "{A22AB3BE-3508-4222-92D0-0C72CA1CBD09}"
EndProject
Project("{FAE04EC0-301F-11D3-BF4B-00C04F79EFBC}") = "A6", "A6\A6.csproj", "{FA20060F-D30A-467E-B339-027F84324DC8}"
EndProject
Project("{FAE04EC0-301F-11D3-BF4B-00C04F79EFBC}") = "A6.Tests", "A6.Tests\A6.Tests.csproj", "{098CC9A8-1D2D-4539-8329-3A27BB5CE049}"
EndProject
Global
	GlobalSection(SolutionConfigurationPlatforms) = preSolution
		Debug|Any CPU = Debug|Any CPU
		Debug|x64 = Debug|x64
		Debug|x86 = Debug|x86
		Release|Any CPU = Release|Any CPU
		Release|x64 = Release|x64
		Release|x86 = Release|x86
	EndGlobalSection
	GlobalSection(SolutionProperties) = preSolution
		HideSolutionNode = FALSE
	EndGlobalSection
	GlobalSection(ProjectConfigurationPlatforms) = postSolution
		{A22AB3BE-3508-4222-92D0-0C72CA1CBD09}.Debug|Any CPU.ActiveCfg = Debug|Any CPU
		{A22AB3BE-3508-4222-92D0-0C72CA1CBD09}.Debug|Any CPU.Build.0 = Debug|Any CPU
		{A22AB3BE-3508-4222-92D0-0C72CA1CBD09}.Debug|x64.ActiveCfg = Debug|Any CPU
		{A22AB3BE-3508-4222-92D0-0C72CA1CBD09}.Debug|x64.Build.0 = Debug|Any CPU
		{A22AB3BE-3508-4222-92D0-0C72CA1CBD09}.Debug|x86.ActiveCfg = Debug|Any CPU
		{A22AB3BE-3508-4222-92D0-0C72CA1CBD09}.Debug|x86.Build.0 = Debug|Any CPU
		{A22AB3BE-3508-4222-92D0-0C72CA1CBD09}.Release|Any CPU.ActiveCfg = Release|Any CPU
		{A22AB3BE-3508-4222-92D0-0C72CA1CBD09}.Release|Any CPU.Build.0 = Release|Any CPU
		{A22AB3BE-3508-4222-92D0-0C72CA1CBD09}.Release|x64.ActiveCfg = Release|Any CPU
		{A22AB3BE-3508-4222-92D0-0C72CA1CBD09}.Release|x64.Build.0 = Release|Any CPU
		{A22AB3BE-3508-4222-92D0-0C72CA1CBD09}.Release|x86.ActiveCfg = Release|Any CPU
		{A22AB3BE-3508-4222-92D0-0C72CA1CBD09}.Release|x86.Build.0 = Release|Any CPU
		{FA20060F-D30A-467E-B339-027F84324DC8}.Debug|Any CPU.ActiveCfg = Debug|Any CPU
		{FA20060F-D30A-467E-B339-027F84324DC8}.Debug|Any CPU.Build.0 = Debug|Any CPU
		{FA20060F-D30A-467E-B339-027F84324DC8}.Debug|x64.ActiveCfg = Debug|Any CPU
		{FA20060F-D30A-467E-B339-027F84324DC8}.Debug|x64.Build.0 = Debug|Any CPU
		{FA20060F-D30A-467E-B339-027F84324DC8}.Debug|x86.ActiveCfg = Debug|Any CPU
		{FA20060F-D30A-467E-B339-027F84324DC8}.Debug|x86.Build.0 = Debug|Any CPU
		{FA20060F-D30A-467E-B339-027F84324DC8}.Release|Any CPU.ActiveCfg = Release|Any CPU
		{FA20060F-D30A-467E-B339-027F84324DC8}.Release|Any CPU.Build.0 = Release|Any CPU
		{FA20060F-D30A-467E-B339-027F84324DC8}.Release|x64.ActiveCfg = Release|Any CPU
		{FA20060F-D30A-467E-B339-027F84324DC8}.Release|x64.Build.0 = Release|Any CPU
		{FA20060F-D30A-467E-B339-027F84324DC8}.Release|x86.ActiveCfg = Release|Any CPU
		{FA20060F-D30A-467E-B339-027F84324DC8}.Release|x86.Build.0 = Release|Any CPU
		{098CC9A8-1D2D-4539-8329-3A27BB5CE049}.Debug|Any CPU.ActiveCfg = Debug|Any CPU
		{098CC9A8-1D2D-4539-8329-3A27BB5CE049}.Debug|Any CPU.Build.0 = Debug|Any CPU
		{098CC9A8-1D2D-4539-8329-3A27BB5CE049}.Debug|x64.ActiveCfg = Debug|Any CPU
		{098CC9A8-1D2D-4539-8329-3A27BB5CE049}.Debug|x64.Build.0 = Debug|Any CPU
		{098CC9A8-1D2D-4539-8329-3A27BB5CE049}.Debug|x86.ActiveCfg = Debug|Any CPU
		{098CC9A8-1D2D-4539-8329-3A27BB5CE049}.Debug|x86.Build.0 = Debug|Any CPU
		{098CC9A8-1D2D-4539-8329-3A27BB5CE049}.Release|Any CPU.ActiveCfg = Release|Any CPU
		{098CC9A8-1D2D-4539-8329-3A27BB5CE049}.Release|Any CPU.Build.0 = Release|Any CPU
		{098CC9A8-1D2D-4539-8329-3A27BB5CE049}.Release|x64.ActiveCfg = Release|Any CPU
		{098CC9A8-1D2D-4539-8329-3A27BB5CE049}.Release|x64.Build.0 = Release|Any CPU
		{098CC9A8-1D2D-4539-8329-3A27BB5CE049}.Release|x86.ActiveCfg = Release|Any CPU
		{098CC9A8-1D2D-4539-8329-3A27BB5CE049}.Release|x86.Build.0 = Release|Any CPU
	EndGlobalSection
EndGlobal
